{
  "name": "ghas-security-campaign-demo",
  "lockfileVersion": 2,
  "requires": true,
  "packages": {
    "": {
      "name": "ghas-security-campaign-demo",
      "version": "1.0.0",
      "dependencies": {
        "express": "4.16.2",
        "lodash": "4.17.4",
        "request": "2.88.0",
        "moment": "2.19.0",
        "axios": "0.18.0"
      }
    },
    "node_modules/express": {
      "version": "4.16.2",
      "resolved": "https://registry.npmjs.org/express/-/express-4.16.2.tgz",
      "integrity": "sha1-xyz"
    },
    "node_modules/lodash": {
      "version": "4.17.4",
      "resolved": "https://registry.npmjs.org/lodash/-/lodash-4.17.4.tgz",
      "integrity": "sha1-xyz"
    }
  }
}
